
Microsoft Visual Studio Solution File, Format Version 12.00
# Visual Studio Version 16
VisualStudioVersion = 16.0.32002.261
MinimumVisualStudioVersion = 10.0.40219.1
Project("{FAE04EC0-301F-11D3-BF4B-00C04F79EFBC}") = "EmployeeManagement", "EmployeeManagement\EmployeeManagement.csproj", "{AED8FB18-1A37-48CE-9C08-2602E4E38D26}"
EndProject
Global
	GlobalSection(SolutionConfigurationPlatforms) = preSolution
		Debug|Any CPU = Debug|Any CPU
		Release|Any CPU = Release|Any CPU
	EndGlobalSection
	GlobalSection(ProjectConfigurationPlatforms) = postSolution
		{AED8FB18-1A37-48CE-9C08-2602E4E38D26}.Debug|Any CPU.ActiveCfg = Debug|Any CPU
		{AED8FB18-1A37-48CE-9C08-2602E4E38D26}.Debug|Any CPU.Build.0 = Debug|Any CPU
		{AED8FB18-1A37-48CE-9C08-2602E4E38D26}.Release|Any CPU.ActiveCfg = Release|Any CPU
		{AED8FB18-1A37-48CE-9C08-2602E4E38D26}.Release|Any CPU.Build.0 = Release|Any CPU
	EndGlobalSection
	GlobalSection(SolutionProperties) = preSolution
		HideSolutionNode = FALSE
	EndGlobalSection
	GlobalSection(ExtensibilityGlobals) = postSolution
		SolutionGuid = {27721C06-A56C-4DEA-8A44-431CF1A89B11}
	EndGlobalSection
EndGlobal
